// !$*UTF8*$!
{
	archiveVersion = 1;
	classes = {
	};
	objectVersion = 55;
	objects = {

/* Begin PBXBuildFile section */
		DE27839228B6809600D11E0A /* BackupViewController.swift in Sources */ = {isa = PBXBuildFile; fileRef = DE27839128B6809600D11E0A /* BackupViewController.swift */; };
		DE27839628B680EF00D11E0A /* BackupView.swift in Sources */ = {isa = PBXBuildFile; fileRef = DE27839528B680EF00D11E0A /* BackupView.swift */; };
		DE27839828B6846A00D11E0A /* BackupTableViewCell.swift in Sources */ = {isa = PBXBuildFile; fileRef = DE27839728B6846A00D11E0A /* BackupTableViewCell.swift */; };
		DE29866728AC71B800250CF0 /* CodeViewController.swift in Sources */ = {isa = PBXBuildFile; fileRef = DE29866628AC71B800250CF0 /* CodeViewController.swift */; };
		DE29866A28AC81B300250CF0 /* SnapKit in Frameworks */ = {isa = PBXBuildFile; productRef = DE29866928AC81B300250CF0 /* SnapKit */; };
		DE29866C28AC822900250CF0 /* CodeSnapViewController.swift in Sources */ = {isa = PBXBuildFile; fileRef = DE29866B28AC822900250CF0 /* CodeSnapViewController.swift */; };
		DE29866E28AC8C0D00250CF0 /* CodeSnap2ViewController.swift in Sources */ = {isa = PBXBuildFile; fileRef = DE29866D28AC8C0D00250CF0 /* CodeSnap2ViewController.swift */; };
		DE3ACA7728AB1FD2009F079D /* AppDelegate.swift in Sources */ = {isa = PBXBuildFile; fileRef = DE3ACA7628AB1FD2009F079D /* AppDelegate.swift */; };
		DE3ACA7928AB1FD2009F079D /* SceneDelegate.swift in Sources */ = {isa = PBXBuildFile; fileRef = DE3ACA7828AB1FD2009F079D /* SceneDelegate.swift */; };
		DE3ACA7B28AB1FD2009F079D /* ViewController.swift in Sources */ = {isa = PBXBuildFile; fileRef = DE3ACA7A28AB1FD2009F079D /* ViewController.swift */; };
		DE3ACA7E28AB1FD2009F079D /* Main.storyboard in Resources */ = {isa = PBXBuildFile; fileRef = DE3ACA7C28AB1FD2009F079D /* Main.storyboard */; };
		DE3ACA8028AB1FD4009F079D /* Assets.xcassets in Resources */ = {isa = PBXBuildFile; fileRef = DE3ACA7F28AB1FD4009F079D /* Assets.xcassets */; };
		DE3ACA8328AB1FD4009F079D /* LaunchScreen.storyboard in Resources */ = {isa = PBXBuildFile; fileRef = DE3ACA8128AB1FD4009F079D /* LaunchScreen.storyboard */; };
		DE3ACAA628AB2C6A009F079D /* SeSAC7UIFramework.framework in Frameworks */ = {isa = PBXBuildFile; fileRef = DE3ACAA328AB2C28009F079D /* SeSAC7UIFramework.framework */; };
		DE3ACAA728AB2C6A009F079D /* SeSAC7UIFramework.framework in Embed Frameworks */ = {isa = PBXBuildFile; fileRef = DE3ACAA328AB2C28009F079D /* SeSAC7UIFramework.framework */; settings = {ATTRIBUTES = (CodeSignOnCopy, RemoveHeadersOnCopy, ); }; };
		DE3ACAB228AB3AF7009F079D /* WalkThrough.storyboard in Resources */ = {isa = PBXBuildFile; fileRef = DE3ACAB128AB3AF7009F079D /* WalkThrough.storyboard */; };
		DE3ACAB428AB3B00009F079D /* FirstViewController.swift in Sources */ = {isa = PBXBuildFile; fileRef = DE3ACAB328AB3B00009F079D /* FirstViewController.swift */; };
		DE3ACAB628AB40C0009F079D /* SecondViewController.swift in Sources */ = {isa = PBXBuildFile; fileRef = DE3ACAB528AB40C0009F079D /* SecondViewController.swift */; };
		DE3ACAB828AB40CA009F079D /* ThirdViewController.swift in Sources */ = {isa = PBXBuildFile; fileRef = DE3ACAB728AB40CA009F079D /* ThirdViewController.swift */; };
		DE3ACABC28AB410D009F079D /* WalkThroughViewController.swift in Sources */ = {isa = PBXBuildFile; fileRef = DE3ACABB28AB410D009F079D /* WalkThroughViewController.swift */; };
		DE531F9128ACFDE40051787D /* CodeBaeminViewController.swift in Sources */ = {isa = PBXBuildFile; fileRef = DE531F9028ACFDE40051787D /* CodeBaeminViewController.swift */; };
		DE5598F928B701690024F181 /* Zip in Frameworks */ = {isa = PBXBuildFile; productRef = DE5598F828B701690024F181 /* Zip */; };
		DE6333B828B4BF9500DF8680 /* RealmModel.swift in Sources */ = {isa = PBXBuildFile; fileRef = DE6333B728B4BF9500DF8680 /* RealmModel.swift */; };
		DE6333C528B4BFC000DF8680 /* WriteTextField.swift in Sources */ = {isa = PBXBuildFile; fileRef = DE6333BA28B4BFC000DF8680 /* WriteTextField.swift */; };
		DE6333C628B4BFC000DF8680 /* DiaryImageView.swift in Sources */ = {isa = PBXBuildFile; fileRef = DE6333BB28B4BFC000DF8680 /* DiaryImageView.swift */; };
		DE6333C728B4BFC000DF8680 /* Constants.swift in Sources */ = {isa = PBXBuildFile; fileRef = DE6333BD28B4BFC000DF8680 /* Constants.swift */; };
		DE6333C828B4BFC000DF8680 /* Color.swift in Sources */ = {isa = PBXBuildFile; fileRef = DE6333BE28B4BFC000DF8680 /* Color.swift */; };
		DE6333C928B4BFC000DF8680 /* ReusableProtocol.swift in Sources */ = {isa = PBXBuildFile; fileRef = DE6333BF28B4BFC000DF8680 /* ReusableProtocol.swift */; };
		DE6333CA28B4BFC000DF8680 /* BaseViewController.swift in Sources */ = {isa = PBXBuildFile; fileRef = DE6333C128B4BFC000DF8680 /* BaseViewController.swift */; };
		DE6333CB28B4BFC000DF8680 /* BaseTableViewCell.swift in Sources */ = {isa = PBXBuildFile; fileRef = DE6333C228B4BFC000DF8680 /* BaseTableViewCell.swift */; };
		DE6333CC28B4BFC000DF8680 /* BaseCollectionViewCell.swift in Sources */ = {isa = PBXBuildFile; fileRef = DE6333C328B4BFC000DF8680 /* BaseCollectionViewCell.swift */; };
		DE6333CD28B4BFC000DF8680 /* BaseView.swift in Sources */ = {isa = PBXBuildFile; fileRef = DE6333C428B4BFC000DF8680 /* BaseView.swift */; };
		DE6333CF28B4BFDA00DF8680 /* Transition+Extension.swift in Sources */ = {isa = PBXBuildFile; fileRef = DE6333CE28B4BFDA00DF8680 /* Transition+Extension.swift */; };
		DE6333D228B4C40200DF8680 /* Realm in Frameworks */ = {isa = PBXBuildFile; productRef = DE6333D128B4C40200DF8680 /* Realm */; };
		DE6333D428B4C40200DF8680 /* RealmSwift in Frameworks */ = {isa = PBXBuildFile; productRef = DE6333D328B4C40200DF8680 /* RealmSwift */; };
		DE6333D628B5168400DF8680 /* HomeViewController.swift in Sources */ = {isa = PBXBuildFile; fileRef = DE6333B428B4BF7400DF8680 /* HomeViewController.swift */; };
		DE6333D728B5168800DF8680 /* HomeTableViewCell.swift in Sources */ = {isa = PBXBuildFile; fileRef = DE6333B528B4BF7400DF8680 /* HomeTableViewCell.swift */; };
		DE6333D828B5168C00DF8680 /* ImageSearchCollectionViewCell.swift in Sources */ = {isa = PBXBuildFile; fileRef = DE6333AF28B4BF7400DF8680 /* ImageSearchCollectionViewCell.swift */; };
		DE6333D928B5168F00DF8680 /* ImageSearchViewController.swift in Sources */ = {isa = PBXBuildFile; fileRef = DE6333AC28B4BF7400DF8680 /* ImageSearchViewController.swift */; };
		DE6333DA28B5169100DF8680 /* ImageSearchView.swift in Sources */ = {isa = PBXBuildFile; fileRef = DE6333AD28B4BF7400DF8680 /* ImageSearchView.swift */; };
		DE6333DB28B5169400DF8680 /* ImageDummyData.swift in Sources */ = {isa = PBXBuildFile; fileRef = DE6333AE28B4BF7400DF8680 /* ImageDummyData.swift */; };
		DE6333DC28B5169700DF8680 /* WriteViewController.swift in Sources */ = {isa = PBXBuildFile; fileRef = DE6333B128B4BF7400DF8680 /* WriteViewController.swift */; };
		DE6333DD28B5169900DF8680 /* WriteView.swift in Sources */ = {isa = PBXBuildFile; fileRef = DE6333B228B4BF7400DF8680 /* WriteView.swift */; };
		DE6333E028B5170500DF8680 /* Kingfisher in Frameworks */ = {isa = PBXBuildFile; productRef = DE6333DF28B5170500DF8680 /* Kingfisher */; };
		DE6333E228B5D27B00DF8680 /* FileManager+Extension.swift in Sources */ = {isa = PBXBuildFile; fileRef = DE6333E128B5D27B00DF8680 /* FileManager+Extension.swift */; };
		DE72163D28AF1274004BAAD9 /* BaseViewController2.swift in Sources */ = {isa = PBXBuildFile; fileRef = DE72163C28AF1274004BAAD9 /* BaseViewController2.swift */; };
		DE72164028AF1447004BAAD9 /* WriteViewController2.swift in Sources */ = {isa = PBXBuildFile; fileRef = DE72163F28AF1447004BAAD9 /* WriteViewController2.swift */; };
		DE72164228AF169E004BAAD9 /* BaseView2.swift in Sources */ = {isa = PBXBuildFile; fileRef = DE72164128AF169E004BAAD9 /* BaseView2.swift */; };
		DE72164428AF179B004BAAD9 /* WriteView2.swift in Sources */ = {isa = PBXBuildFile; fileRef = DE72164328AF179B004BAAD9 /* WriteView2.swift */; };
		DE72164628AF2CF4004BAAD9 /* BlackRadiusTextField.swift in Sources */ = {isa = PBXBuildFile; fileRef = DE72164528AF2CF4004BAAD9 /* BlackRadiusTextField.swift */; };
		DEC8405D28ADDF080072C13F /* UIViewController+Extension.swift in Sources */ = {isa = PBXBuildFile; fileRef = DEC8405C28ADDF080072C13F /* UIViewController+Extension.swift */; };
		DEC8405F28ADE5FE0072C13F /* ProfileViewController.swift in Sources */ = {isa = PBXBuildFile; fileRef = DEC8405E28ADE5FE0072C13F /* ProfileViewController.swift */; };
		DED10E8728ACAACC00D9CEAA /* CodeProfileViewController.swift in Sources */ = {isa = PBXBuildFile; fileRef = DED10E8628ACAACC00D9CEAA /* CodeProfileViewController.swift */; };
/* End PBXBuildFile section */

/* Begin PBXContainerItemProxy section */
		DE3ACAA228AB2C28009F079D /* PBXContainerItemProxy */ = {
			isa = PBXContainerItemProxy;
			containerPortal = DE3ACA9D28AB2C28009F079D /* SeSAC7UIFramework.xcodeproj */;
			proxyType = 2;
			remoteGlobalIDString = DE3ACA4E28AB1BBD009F079D;
			remoteInfo = SeSAC7UIFramework;
		};
		DE3ACAA428AB2C28009F079D /* PBXContainerItemProxy */ = {
			isa = PBXContainerItemProxy;
			containerPortal = DE3ACA9D28AB2C28009F079D /* SeSAC7UIFramework.xcodeproj */;
			proxyType = 2;
			remoteGlobalIDString = DE3ACA5828AB1BBD009F079D;
			remoteInfo = SeSAC7UIFrameworkTests;
		};
/* End PBXContainerItemProxy section */

/* Begin PBXCopyFilesBuildPhase section */
		DE3ACA9628AB2101009F079D /* Embed Frameworks */ = {
			isa = PBXCopyFilesBuildPhase;
			buildActionMask = 2147483647;
			dstPath = "";
			dstSubfolderSpec = 10;
			files = (
				DE3ACAA728AB2C6A009F079D /* SeSAC7UIFramework.framework in Embed Frameworks */,
			);
			name = "Embed Frameworks";
			runOnlyForDeploymentPostprocessing = 0;
		};
/* End PBXCopyFilesBuildPhase section */

/* Begin PBXFileReference section */
		DE27839128B6809600D11E0A /* BackupViewController.swift */ = {isa = PBXFileReference; lastKnownFileType = sourcecode.swift; path = BackupViewController.swift; sourceTree = "<group>"; };
		DE27839528B680EF00D11E0A /* BackupView.swift */ = {isa = PBXFileReference; lastKnownFileType = sourcecode.swift; path = BackupView.swift; sourceTree = "<group>"; };
		DE27839728B6846A00D11E0A /* BackupTableViewCell.swift */ = {isa = PBXFileReference; lastKnownFileType = sourcecode.swift; path = BackupTableViewCell.swift; sourceTree = "<group>"; };
		DE29866628AC71B800250CF0 /* CodeViewController.swift */ = {isa = PBXFileReference; lastKnownFileType = sourcecode.swift; path = CodeViewController.swift; sourceTree = "<group>"; };
		DE29866B28AC822900250CF0 /* CodeSnapViewController.swift */ = {isa = PBXFileReference; lastKnownFileType = sourcecode.swift; path = CodeSnapViewController.swift; sourceTree = "<group>"; };
		DE29866D28AC8C0D00250CF0 /* CodeSnap2ViewController.swift */ = {isa = PBXFileReference; lastKnownFileType = sourcecode.swift; path = CodeSnap2ViewController.swift; sourceTree = "<group>"; };
		DE3ACA7328AB1FD2009F079D /* SeSAC7Diary.app */ = {isa = PBXFileReference; explicitFileType = wrapper.application; includeInIndex = 0; path = SeSAC7Diary.app; sourceTree = BUILT_PRODUCTS_DIR; };
		DE3ACA7628AB1FD2009F079D /* AppDelegate.swift */ = {isa = PBXFileReference; lastKnownFileType = sourcecode.swift; path = AppDelegate.swift; sourceTree = "<group>"; };
		DE3ACA7828AB1FD2009F079D /* SceneDelegate.swift */ = {isa = PBXFileReference; lastKnownFileType = sourcecode.swift; path = SceneDelegate.swift; sourceTree = "<group>"; };
		DE3ACA7A28AB1FD2009F079D /* ViewController.swift */ = {isa = PBXFileReference; lastKnownFileType = sourcecode.swift; path = ViewController.swift; sourceTree = "<group>"; };
		DE3ACA7D28AB1FD2009F079D /* Base */ = {isa = PBXFileReference; lastKnownFileType = file.storyboard; name = Base; path = Base.lproj/Main.storyboard; sourceTree = "<group>"; };
		DE3ACA7F28AB1FD4009F079D /* Assets.xcassets */ = {isa = PBXFileReference; lastKnownFileType = folder.assetcatalog; path = Assets.xcassets; sourceTree = "<group>"; };
		DE3ACA8228AB1FD4009F079D /* Base */ = {isa = PBXFileReference; lastKnownFileType = file.storyboard; name = Base; path = Base.lproj/LaunchScreen.storyboard; sourceTree = "<group>"; };
		DE3ACA8428AB1FD4009F079D /* Info.plist */ = {isa = PBXFileReference; lastKnownFileType = text.plist.xml; path = Info.plist; sourceTree = "<group>"; };
		DE3ACA9D28AB2C28009F079D /* SeSAC7UIFramework.xcodeproj */ = {isa = PBXFileReference; lastKnownFileType = "wrapper.pb-project"; name = SeSAC7UIFramework.xcodeproj; path = ../SeSAC7UIFramework/SeSAC7UIFramework.xcodeproj; sourceTree = "<group>"; };
		DE3ACAB128AB3AF7009F079D /* WalkThrough.storyboard */ = {isa = PBXFileReference; lastKnownFileType = file.storyboard; path = WalkThrough.storyboard; sourceTree = "<group>"; };
		DE3ACAB328AB3B00009F079D /* FirstViewController.swift */ = {isa = PBXFileReference; lastKnownFileType = sourcecode.swift; path = FirstViewController.swift; sourceTree = "<group>"; };
		DE3ACAB528AB40C0009F079D /* SecondViewController.swift */ = {isa = PBXFileReference; lastKnownFileType = sourcecode.swift; path = SecondViewController.swift; sourceTree = "<group>"; };
		DE3ACAB728AB40CA009F079D /* ThirdViewController.swift */ = {isa = PBXFileReference; lastKnownFileType = sourcecode.swift; path = ThirdViewController.swift; sourceTree = "<group>"; };
		DE3ACABB28AB410D009F079D /* WalkThroughViewController.swift */ = {isa = PBXFileReference; lastKnownFileType = sourcecode.swift; path = WalkThroughViewController.swift; sourceTree = "<group>"; };
		DE531F9028ACFDE40051787D /* CodeBaeminViewController.swift */ = {isa = PBXFileReference; lastKnownFileType = sourcecode.swift; path = CodeBaeminViewController.swift; sourceTree = "<group>"; };
		DE6333AC28B4BF7400DF8680 /* ImageSearchViewController.swift */ = {isa = PBXFileReference; lastKnownFileType = sourcecode.swift; path = ImageSearchViewController.swift; sourceTree = "<group>"; };
		DE6333AD28B4BF7400DF8680 /* ImageSearchView.swift */ = {isa = PBXFileReference; lastKnownFileType = sourcecode.swift; path = ImageSearchView.swift; sourceTree = "<group>"; };
		DE6333AE28B4BF7400DF8680 /* ImageDummyData.swift */ = {isa = PBXFileReference; lastKnownFileType = sourcecode.swift; path = ImageDummyData.swift; sourceTree = "<group>"; };
		DE6333AF28B4BF7400DF8680 /* ImageSearchCollectionViewCell.swift */ = {isa = PBXFileReference; lastKnownFileType = sourcecode.swift; path = ImageSearchCollectionViewCell.swift; sourceTree = "<group>"; };
		DE6333B128B4BF7400DF8680 /* WriteViewController.swift */ = {isa = PBXFileReference; lastKnownFileType = sourcecode.swift; path = WriteViewController.swift; sourceTree = "<group>"; };
		DE6333B228B4BF7400DF8680 /* WriteView.swift */ = {isa = PBXFileReference; lastKnownFileType = sourcecode.swift; path = WriteView.swift; sourceTree = "<group>"; };
		DE6333B428B4BF7400DF8680 /* HomeViewController.swift */ = {isa = PBXFileReference; lastKnownFileType = sourcecode.swift; path = HomeViewController.swift; sourceTree = "<group>"; };
		DE6333B528B4BF7400DF8680 /* HomeTableViewCell.swift */ = {isa = PBXFileReference; lastKnownFileType = sourcecode.swift; path = HomeTableViewCell.swift; sourceTree = "<group>"; };
		DE6333B728B4BF9500DF8680 /* RealmModel.swift */ = {isa = PBXFileReference; fileEncoding = 4; lastKnownFileType = sourcecode.swift; path = RealmModel.swift; sourceTree = "<group>"; };
		DE6333BA28B4BFC000DF8680 /* WriteTextField.swift */ = {isa = PBXFileReference; fileEncoding = 4; lastKnownFileType = sourcecode.swift; path = WriteTextField.swift; sourceTree = "<group>"; };
		DE6333BB28B4BFC000DF8680 /* DiaryImageView.swift */ = {isa = PBXFileReference; fileEncoding = 4; lastKnownFileType = sourcecode.swift; path = DiaryImageView.swift; sourceTree = "<group>"; };
		DE6333BD28B4BFC000DF8680 /* Constants.swift */ = {isa = PBXFileReference; fileEncoding = 4; lastKnownFileType = sourcecode.swift; path = Constants.swift; sourceTree = "<group>"; };
		DE6333BE28B4BFC000DF8680 /* Color.swift */ = {isa = PBXFileReference; fileEncoding = 4; lastKnownFileType = sourcecode.swift; path = Color.swift; sourceTree = "<group>"; };
		DE6333BF28B4BFC000DF8680 /* ReusableProtocol.swift */ = {isa = PBXFileReference; fileEncoding = 4; lastKnownFileType = sourcecode.swift; name = ReusableProtocol.swift; path = "../../../SeSAC2DiaryRealm 3/SeSAC2DiaryRealm/Utility/ReusableProtocol.swift"; sourceTree = "<group>"; };
		DE6333C128B4BFC000DF8680 /* BaseViewController.swift */ = {isa = PBXFileReference; fileEncoding = 4; lastKnownFileType = sourcecode.swift; path = BaseViewController.swift; sourceTree = "<group>"; };
		DE6333C228B4BFC000DF8680 /* BaseTableViewCell.swift */ = {isa = PBXFileReference; fileEncoding = 4; lastKnownFileType = sourcecode.swift; path = BaseTableViewCell.swift; sourceTree = "<group>"; };
		DE6333C328B4BFC000DF8680 /* BaseCollectionViewCell.swift */ = {isa = PBXFileReference; fileEncoding = 4; lastKnownFileType = sourcecode.swift; path = BaseCollectionViewCell.swift; sourceTree = "<group>"; };
		DE6333C428B4BFC000DF8680 /* BaseView.swift */ = {isa = PBXFileReference; fileEncoding = 4; lastKnownFileType = sourcecode.swift; path = BaseView.swift; sourceTree = "<group>"; };
		DE6333CE28B4BFDA00DF8680 /* Transition+Extension.swift */ = {isa = PBXFileReference; fileEncoding = 4; lastKnownFileType = sourcecode.swift; name = "Transition+Extension.swift"; path = "../../../SeSAC2DiaryRealm 3/SeSAC2DiaryRealm/Extension/Transition+Extension.swift"; sourceTree = "<group>"; };
		DE6333E128B5D27B00DF8680 /* FileManager+Extension.swift */ = {isa = PBXFileReference; lastKnownFileType = sourcecode.swift; path = "FileManager+Extension.swift"; sourceTree = "<group>"; };
		DE72163C28AF1274004BAAD9 /* BaseViewController2.swift */ = {isa = PBXFileReference; lastKnownFileType = sourcecode.swift; path = BaseViewController2.swift; sourceTree = "<group>"; };
		DE72163F28AF1447004BAAD9 /* WriteViewController2.swift */ = {isa = PBXFileReference; lastKnownFileType = sourcecode.swift; path = WriteViewController2.swift; sourceTree = "<group>"; };
		DE72164128AF169E004BAAD9 /* BaseView2.swift */ = {isa = PBXFileReference; lastKnownFileType = sourcecode.swift; path = BaseView2.swift; sourceTree = "<group>"; };
		DE72164328AF179B004BAAD9 /* WriteView2.swift */ = {isa = PBXFileReference; lastKnownFileType = sourcecode.swift; path = WriteView2.swift; sourceTree = "<group>"; };
		DE72164528AF2CF4004BAAD9 /* BlackRadiusTextField.swift */ = {isa = PBXFileReference; lastKnownFileType = sourcecode.swift; path = BlackRadiusTextField.swift; sourceTree = "<group>"; };
		DEC8405C28ADDF080072C13F /* UIViewController+Extension.swift */ = {isa = PBXFileReference; lastKnownFileType = sourcecode.swift; path = "UIViewController+Extension.swift"; sourceTree = "<group>"; };
		DEC8405E28ADE5FE0072C13F /* ProfileViewController.swift */ = {isa = PBXFileReference; lastKnownFileType = sourcecode.swift; path = ProfileViewController.swift; sourceTree = "<group>"; };
		DED10E8628ACAACC00D9CEAA /* CodeProfileViewController.swift */ = {isa = PBXFileReference; lastKnownFileType = sourcecode.swift; path = CodeProfileViewController.swift; sourceTree = "<group>"; };
/* End PBXFileReference section */

/* Begin PBXFrameworksBuildPhase section */
		DE3ACA7028AB1FD2009F079D /* Frameworks */ = {
			isa = PBXFrameworksBuildPhase;
			buildActionMask = 2147483647;
			files = (
				DE5598F928B701690024F181 /* Zip in Frameworks */,
				DE6333D428B4C40200DF8680 /* RealmSwift in Frameworks */,
				DE6333D228B4C40200DF8680 /* Realm in Frameworks */,
				DE3ACAA628AB2C6A009F079D /* SeSAC7UIFramework.framework in Frameworks */,
				DE29866A28AC81B300250CF0 /* SnapKit in Frameworks */,
				DE6333E028B5170500DF8680 /* Kingfisher in Frameworks */,
			);
			runOnlyForDeploymentPostprocessing = 0;
		};
/* End PBXFrameworksBuildPhase section */

/* Begin PBXGroup section */
		DE29866328AC719200250CF0 /* CodeBase */ = {
			isa = PBXGroup;
			children = (
				DE29866628AC71B800250CF0 /* CodeViewController.swift */,
				DE29866B28AC822900250CF0 /* CodeSnapViewController.swift */,
				DE29866D28AC8C0D00250CF0 /* CodeSnap2ViewController.swift */,
				DED10E8628ACAACC00D9CEAA /* CodeProfileViewController.swift */,
				DE531F9028ACFDE40051787D /* CodeBaeminViewController.swift */,
			);
			path = CodeBase;
			sourceTree = "<group>";
		};
		DE3ACA6A28AB1FD2009F079D = {
			isa = PBXGroup;
			children = (
				DE3ACA9D28AB2C28009F079D /* SeSAC7UIFramework.xcodeproj */,
				DE3ACA7528AB1FD2009F079D /* SeSAC7Diary */,
				DE3ACA7428AB1FD2009F079D /* Products */,
				DE3ACA9328AB2101009F079D /* Frameworks */,
			);
			sourceTree = "<group>";
		};
		DE3ACA7428AB1FD2009F079D /* Products */ = {
			isa = PBXGroup;
			children = (
				DE3ACA7328AB1FD2009F079D /* SeSAC7Diary.app */,
			);
			name = Products;
			sourceTree = "<group>";
		};
		DE3ACA7528AB1FD2009F079D /* SeSAC7Diary */ = {
			isa = PBXGroup;
			children = (
				DE6333B628B4BF9500DF8680 /* Realm */,
				DE63339428B4BF3E00DF8680 /* Scene */,
				DE72163E28AF141E004BAAD9 /* Diary */,
				DE72163928AF1258004BAAD9 /* Utility */,
				DEC8405928ADDEF20072C13F /* Extension */,
				DE29866328AC719200250CF0 /* CodeBase */,
				DE3ACAAE28AB3AE2009F079D /* WalkThrough */,
				DE3ACA7628AB1FD2009F079D /* AppDelegate.swift */,
				DE3ACA7828AB1FD2009F079D /* SceneDelegate.swift */,
				DE3ACA7A28AB1FD2009F079D /* ViewController.swift */,
				DEC8405E28ADE5FE0072C13F /* ProfileViewController.swift */,
				DE3ACA7C28AB1FD2009F079D /* Main.storyboard */,
				DE3ACA7F28AB1FD4009F079D /* Assets.xcassets */,
				DE3ACA8128AB1FD4009F079D /* LaunchScreen.storyboard */,
				DE3ACA8428AB1FD4009F079D /* Info.plist */,
			);
			path = SeSAC7Diary;
			sourceTree = "<group>";
		};
		DE3ACA9328AB2101009F079D /* Frameworks */ = {
			isa = PBXGroup;
			children = (
			);
			name = Frameworks;
			sourceTree = "<group>";
		};
		DE3ACA9E28AB2C28009F079D /* Products */ = {
			isa = PBXGroup;
			children = (
				DE3ACAA328AB2C28009F079D /* SeSAC7UIFramework.framework */,
				DE3ACAA528AB2C28009F079D /* SeSAC7UIFrameworkTests.xctest */,
			);
			name = Products;
			sourceTree = "<group>";
		};
		DE3ACAAE28AB3AE2009F079D /* WalkThrough */ = {
			isa = PBXGroup;
			children = (
				DE3ACAB128AB3AF7009F079D /* WalkThrough.storyboard */,
				DE3ACABB28AB410D009F079D /* WalkThroughViewController.swift */,
				DE3ACAB328AB3B00009F079D /* FirstViewController.swift */,
				DE3ACAB528AB40C0009F079D /* SecondViewController.swift */,
				DE3ACAB728AB40CA009F079D /* ThirdViewController.swift */,
			);
			path = WalkThrough;
			sourceTree = "<group>";
		};
		DE63339428B4BF3E00DF8680 /* Scene */ = {
			isa = PBXGroup;
			children = (
				DE6333B328B4BF7400DF8680 /* Home */,
				DE6333AB28B4BF7400DF8680 /* ImageSearch */,
				DE6333B028B4BF7400DF8680 /* Write */,
				DE27839128B6809600D11E0A /* BackupViewController.swift */,
				DE27839728B6846A00D11E0A /* BackupTableViewCell.swift */,
				DE27839528B680EF00D11E0A /* BackupView.swift */,
			);
			path = Scene;
			sourceTree = "<group>";
		};
		DE6333AB28B4BF7400DF8680 /* ImageSearch */ = {
			isa = PBXGroup;
			children = (
				DE6333AF28B4BF7400DF8680 /* ImageSearchCollectionViewCell.swift */,
				DE6333AC28B4BF7400DF8680 /* ImageSearchViewController.swift */,
				DE6333AD28B4BF7400DF8680 /* ImageSearchView.swift */,
				DE6333AE28B4BF7400DF8680 /* ImageDummyData.swift */,
			);
			path = ImageSearch;
			sourceTree = "<group>";
		};
		DE6333B028B4BF7400DF8680 /* Write */ = {
			isa = PBXGroup;
			children = (
				DE6333B128B4BF7400DF8680 /* WriteViewController.swift */,
				DE6333B228B4BF7400DF8680 /* WriteView.swift */,
			);
			path = Write;
			sourceTree = "<group>";
		};
		DE6333B328B4BF7400DF8680 /* Home */ = {
			isa = PBXGroup;
			children = (
				DE6333B528B4BF7400DF8680 /* HomeTableViewCell.swift */,
				DE6333B428B4BF7400DF8680 /* HomeViewController.swift */,
			);
			path = Home;
			sourceTree = "<group>";
		};
		DE6333B628B4BF9500DF8680 /* Realm */ = {
			isa = PBXGroup;
			children = (
				DE6333B728B4BF9500DF8680 /* RealmModel.swift */,
			);
			name = Realm;
			path = "../../SeSAC2DiaryRealm 3/SeSAC2DiaryRealm/Realm";
			sourceTree = "<group>";
		};
		DE6333B928B4BFC000DF8680 /* CustomView */ = {
			isa = PBXGroup;
			children = (
				DE6333BA28B4BFC000DF8680 /* WriteTextField.swift */,
				DE6333BB28B4BFC000DF8680 /* DiaryImageView.swift */,
			);
			name = CustomView;
			path = "../../../SeSAC2DiaryRealm 3/SeSAC2DiaryRealm/Utility/CustomView";
			sourceTree = "<group>";
		};
		DE6333BC28B4BFC000DF8680 /* Constants */ = {
			isa = PBXGroup;
			children = (
				DE6333BD28B4BFC000DF8680 /* Constants.swift */,
				DE6333BE28B4BFC000DF8680 /* Color.swift */,
			);
			name = Constants;
			path = "../../../SeSAC2DiaryRealm 3/SeSAC2DiaryRealm/Utility/Constants";
			sourceTree = "<group>";
		};
		DE6333C028B4BFC000DF8680 /* BaseView */ = {
			isa = PBXGroup;
			children = (
				DE6333C128B4BFC000DF8680 /* BaseViewController.swift */,
				DE6333C228B4BFC000DF8680 /* BaseTableViewCell.swift */,
				DE6333C328B4BFC000DF8680 /* BaseCollectionViewCell.swift */,
				DE6333C428B4BFC000DF8680 /* BaseView.swift */,
			);
			name = BaseView;
			path = "../../../SeSAC2DiaryRealm 3/SeSAC2DiaryRealm/Utility/BaseView";
			sourceTree = "<group>";
		};
		DE72163928AF1258004BAAD9 /* Utility */ = {
			isa = PBXGroup;
			children = (
				DE6333C028B4BFC000DF8680 /* BaseView */,
				DE6333BC28B4BFC000DF8680 /* Constants */,
				DE6333B928B4BFC000DF8680 /* CustomView */,
				DE6333BF28B4BFC000DF8680 /* ReusableProtocol.swift */,
				DE72164728AF2D06004BAAD9 /* Custom */,
				DE72163C28AF1274004BAAD9 /* BaseViewController2.swift */,
				DE72164128AF169E004BAAD9 /* BaseView2.swift */,
			);
			path = Utility;
			sourceTree = "<group>";
		};
		DE72163E28AF141E004BAAD9 /* Diary */ = {
			isa = PBXGroup;
			children = (
				DE72163F28AF1447004BAAD9 /* WriteViewController2.swift */,
				DE72164328AF179B004BAAD9 /* WriteView2.swift */,
			);
			path = Diary;
			sourceTree = "<group>";
		};
		DE72164728AF2D06004BAAD9 /* Custom */ = {
			isa = PBXGroup;
			children = (
				DE72164528AF2CF4004BAAD9 /* BlackRadiusTextField.swift */,
			);
			path = Custom;
			sourceTree = "<group>";
		};
		DEC8405928ADDEF20072C13F /* Extension */ = {
			isa = PBXGroup;
			children = (
				DE6333CE28B4BFDA00DF8680 /* Transition+Extension.swift */,
				DEC8405C28ADDF080072C13F /* UIViewController+Extension.swift */,
				DE6333E128B5D27B00DF8680 /* FileManager+Extension.swift */,
			);
			path = Extension;
			sourceTree = "<group>";
		};
/* End PBXGroup section */

/* Begin PBXNativeTarget section */
		DE3ACA7228AB1FD2009F079D /* SeSAC7Diary */ = {
			isa = PBXNativeTarget;
			buildConfigurationList = DE3ACA8728AB1FD4009F079D /* Build configuration list for PBXNativeTarget "SeSAC7Diary" */;
			buildPhases = (
				DE3ACA6F28AB1FD2009F079D /* Sources */,
				DE3ACA7028AB1FD2009F079D /* Frameworks */,
				DE3ACA7128AB1FD2009F079D /* Resources */,
				DE3ACA9628AB2101009F079D /* Embed Frameworks */,
			);
			buildRules = (
			);
			dependencies = (
			);
			name = SeSAC7Diary;
			packageProductDependencies = (
				DE29866928AC81B300250CF0 /* SnapKit */,
				DE6333D128B4C40200DF8680 /* Realm */,
				DE6333D328B4C40200DF8680 /* RealmSwift */,
				DE6333DF28B5170500DF8680 /* Kingfisher */,
				DE5598F828B701690024F181 /* Zip */,
			);
			productName = SeSAC7Diary;
			productReference = DE3ACA7328AB1FD2009F079D /* SeSAC7Diary.app */;
			productType = "com.apple.product-type.application";
		};
/* End PBXNativeTarget section */

/* Begin PBXProject section */
		DE3ACA6B28AB1FD2009F079D /* Project object */ = {
			isa = PBXProject;
			attributes = {
				BuildIndependentTargetsInParallel = 1;
				LastSwiftUpdateCheck = 1330;
				LastUpgradeCheck = 1330;
				TargetAttributes = {
					DE3ACA7228AB1FD2009F079D = {
						CreatedOnToolsVersion = 13.3.1;
					};
				};
			};
			buildConfigurationList = DE3ACA6E28AB1FD2009F079D /* Build configuration list for PBXProject "SeSAC7Diary" */;
			compatibilityVersion = "Xcode 13.0";
			developmentRegion = en;
			hasScannedForEncodings = 0;
			knownRegions = (
				en,
				Base,
			);
			mainGroup = DE3ACA6A28AB1FD2009F079D;
			packageReferences = (
				DE29866828AC81B300250CF0 /* XCRemoteSwiftPackageReference "SnapKit" */,
				DE6333D028B4C40200DF8680 /* XCRemoteSwiftPackageReference "realm-swift" */,
				DE6333DE28B5170500DF8680 /* XCRemoteSwiftPackageReference "Kingfisher" */,
				DE5598F728B701690024F181 /* XCRemoteSwiftPackageReference "Zip" */,
			);
			productRefGroup = DE3ACA7428AB1FD2009F079D /* Products */;
			projectDirPath = "";
			projectReferences = (
				{
					ProductGroup = DE3ACA9E28AB2C28009F079D /* Products */;
					ProjectRef = DE3ACA9D28AB2C28009F079D /* SeSAC7UIFramework.xcodeproj */;
				},
			);
			projectRoot = "";
			targets = (
				DE3ACA7228AB1FD2009F079D /* SeSAC7Diary */,
			);
		};
/* End PBXProject section */

/* Begin PBXReferenceProxy section */
		DE3ACAA328AB2C28009F079D /* SeSAC7UIFramework.framework */ = {
			isa = PBXReferenceProxy;
			fileType = wrapper.framework;
			path = SeSAC7UIFramework.framework;
			remoteRef = DE3ACAA228AB2C28009F079D /* PBXContainerItemProxy */;
			sourceTree = BUILT_PRODUCTS_DIR;
		};
		DE3ACAA528AB2C28009F079D /* SeSAC7UIFrameworkTests.xctest */ = {
			isa = PBXReferenceProxy;
			fileType = wrapper.cfbundle;
			path = SeSAC7UIFrameworkTests.xctest;
			remoteRef = DE3ACAA428AB2C28009F079D /* PBXContainerItemProxy */;
			sourceTree = BUILT_PRODUCTS_DIR;
		};
/* End PBXReferenceProxy section */

/* Begin PBXResourcesBuildPhase section */
		DE3ACA7128AB1FD2009F079D /* Resources */ = {
			isa = PBXResourcesBuildPhase;
			buildActionMask = 2147483647;
			files = (
				DE3ACA8328AB1FD4009F079D /* LaunchScreen.storyboard in Resources */,
				DE3ACAB228AB3AF7009F079D /* WalkThrough.storyboard in Resources */,
				DE3ACA8028AB1FD4009F079D /* Assets.xcassets in Resources */,
				DE3ACA7E28AB1FD2009F079D /* Main.storyboard in Resources */,
			);
			runOnlyForDeploymentPostprocessing = 0;
		};
/* End PBXResourcesBuildPhase section */

/* Begin PBXSourcesBuildPhase section */
		DE3ACA6F28AB1FD2009F079D /* Sources */ = {
			isa = PBXSourcesBuildPhase;
			buildActionMask = 2147483647;
			files = (
				DE6333CD28B4BFC000DF8680 /* BaseView.swift in Sources */,
				DED10E8728ACAACC00D9CEAA /* CodeProfileViewController.swift in Sources */,
				DE6333DD28B5169900DF8680 /* WriteView.swift in Sources */,
				DE6333D628B5168400DF8680 /* HomeViewController.swift in Sources */,
				DE6333CC28B4BFC000DF8680 /* BaseCollectionViewCell.swift in Sources */,
				DEC8405D28ADDF080072C13F /* UIViewController+Extension.swift in Sources */,
				DE72164428AF179B004BAAD9 /* WriteView2.swift in Sources */,
				DE6333D928B5168F00DF8680 /* ImageSearchViewController.swift in Sources */,
				DE3ACA7B28AB1FD2009F079D /* ViewController.swift in Sources */,
				DE6333DB28B5169400DF8680 /* ImageDummyData.swift in Sources */,
				DE6333CB28B4BFC000DF8680 /* BaseTableViewCell.swift in Sources */,
				DE27839628B680EF00D11E0A /* BackupView.swift in Sources */,
				DE6333C528B4BFC000DF8680 /* WriteTextField.swift in Sources */,
				DE6333C828B4BFC000DF8680 /* Color.swift in Sources */,
				DE72164228AF169E004BAAD9 /* BaseView2.swift in Sources */,
				DE6333C728B4BFC000DF8680 /* Constants.swift in Sources */,
				DE3ACA7728AB1FD2009F079D /* AppDelegate.swift in Sources */,
				DE6333D828B5168C00DF8680 /* ImageSearchCollectionViewCell.swift in Sources */,
				DEC8405F28ADE5FE0072C13F /* ProfileViewController.swift in Sources */,
				DE72163D28AF1274004BAAD9 /* BaseViewController2.swift in Sources */,
				DE29866E28AC8C0D00250CF0 /* CodeSnap2ViewController.swift in Sources */,
				DE72164628AF2CF4004BAAD9 /* BlackRadiusTextField.swift in Sources */,
				DE6333CA28B4BFC000DF8680 /* BaseViewController.swift in Sources */,
				DE3ACA7928AB1FD2009F079D /* SceneDelegate.swift in Sources */,
				DE6333E228B5D27B00DF8680 /* FileManager+Extension.swift in Sources */,
				DE3ACAB628AB40C0009F079D /* SecondViewController.swift in Sources */,
				DE29866C28AC822900250CF0 /* CodeSnapViewController.swift in Sources */,
				DE27839228B6809600D11E0A /* BackupViewController.swift in Sources */,
				DE6333B828B4BF9500DF8680 /* RealmModel.swift in Sources */,
				DE27839828B6846A00D11E0A /* BackupTableViewCell.swift in Sources */,
				DE6333DA28B5169100DF8680 /* ImageSearchView.swift in Sources */,
				DE6333C928B4BFC000DF8680 /* ReusableProtocol.swift in Sources */,
				DE3ACAB828AB40CA009F079D /* ThirdViewController.swift in Sources */,
				DE29866728AC71B800250CF0 /* CodeViewController.swift in Sources */,
				DE6333CF28B4BFDA00DF8680 /* Transition+Extension.swift in Sources */,
				DE3ACABC28AB410D009F079D /* WalkThroughViewController.swift in Sources */,
				DE6333C628B4BFC000DF8680 /* DiaryImageView.swift in Sources */,
				DE6333DC28B5169700DF8680 /* WriteViewController.swift in Sources */,
				DE3ACAB428AB3B00009F079D /* FirstViewController.swift in Sources */,
				DE72164028AF1447004BAAD9 /* WriteViewController2.swift in Sources */,
				DE6333D728B5168800DF8680 /* HomeTableViewCell.swift in Sources */,
				DE531F9128ACFDE40051787D /* CodeBaeminViewController.swift in Sources */,
			);
			runOnlyForDeploymentPostprocessing = 0;
		};
/* End PBXSourcesBuildPhase section */

/* Begin PBXVariantGroup section */
		DE3ACA7C28AB1FD2009F079D /* Main.storyboard */ = {
			isa = PBXVariantGroup;
			children = (
				DE3ACA7D28AB1FD2009F079D /* Base */,
			);
			name = Main.storyboard;
			sourceTree = "<group>";
		};
		DE3ACA8128AB1FD4009F079D /* LaunchScreen.storyboard */ = {
			isa = PBXVariantGroup;
			children = (
				DE3ACA8228AB1FD4009F079D /* Base */,
			);
			name = LaunchScreen.storyboard;
			sourceTree = "<group>";
		};
/* End PBXVariantGroup section */

/* Begin XCBuildConfiguration section */
		DE3ACA8528AB1FD4009F079D /* Debug */ = {
			isa = XCBuildConfiguration;
			buildSettings = {
				ALWAYS_SEARCH_USER_PATHS = NO;
				CLANG_ANALYZER_NONNULL = YES;
				CLANG_ANALYZER_NUMBER_OBJECT_CONVERSION = YES_AGGRESSIVE;
				CLANG_CXX_LANGUAGE_STANDARD = "gnu++17";
				CLANG_ENABLE_MODULES = YES;
				CLANG_ENABLE_OBJC_ARC = YES;
				CLANG_ENABLE_OBJC_WEAK = YES;
				CLANG_WARN_BLOCK_CAPTURE_AUTORELEASING = YES;
				CLANG_WARN_BOOL_CONVERSION = YES;
				CLANG_WARN_COMMA = YES;
				CLANG_WARN_CONSTANT_CONVERSION = YES;
				CLANG_WARN_DEPRECATED_OBJC_IMPLEMENTATIONS = YES;
				CLANG_WARN_DIRECT_OBJC_ISA_USAGE = YES_ERROR;
				CLANG_WARN_DOCUMENTATION_COMMENTS = YES;
				CLANG_WARN_EMPTY_BODY = YES;
				CLANG_WARN_ENUM_CONVERSION = YES;
				CLANG_WARN_INFINITE_RECURSION = YES;
				CLANG_WARN_INT_CONVERSION = YES;
				CLANG_WARN_NON_LITERAL_NULL_CONVERSION = YES;
				CLANG_WARN_OBJC_IMPLICIT_RETAIN_SELF = YES;
				CLANG_WARN_OBJC_LITERAL_CONVERSION = YES;
				CLANG_WARN_OBJC_ROOT_CLASS = YES_ERROR;
				CLANG_WARN_QUOTED_INCLUDE_IN_FRAMEWORK_HEADER = YES;
				CLANG_WARN_RANGE_LOOP_ANALYSIS = YES;
				CLANG_WARN_STRICT_PROTOTYPES = YES;
				CLANG_WARN_SUSPICIOUS_MOVE = YES;
				CLANG_WARN_UNGUARDED_AVAILABILITY = YES_AGGRESSIVE;
				CLANG_WARN_UNREACHABLE_CODE = YES;
				CLANG_WARN__DUPLICATE_METHOD_MATCH = YES;
				COPY_PHASE_STRIP = NO;
				DEBUG_INFORMATION_FORMAT = dwarf;
				ENABLE_STRICT_OBJC_MSGSEND = YES;
				ENABLE_TESTABILITY = YES;
				GCC_C_LANGUAGE_STANDARD = gnu11;
				GCC_DYNAMIC_NO_PIC = NO;
				GCC_NO_COMMON_BLOCKS = YES;
				GCC_OPTIMIZATION_LEVEL = 0;
				GCC_PREPROCESSOR_DEFINITIONS = (
					"DEBUG=1",
					"$(inherited)",
				);
				GCC_WARN_64_TO_32_BIT_CONVERSION = YES;
				GCC_WARN_ABOUT_RETURN_TYPE = YES_ERROR;
				GCC_WARN_UNDECLARED_SELECTOR = YES;
				GCC_WARN_UNINITIALIZED_AUTOS = YES_AGGRESSIVE;
				GCC_WARN_UNUSED_FUNCTION = YES;
				GCC_WARN_UNUSED_VARIABLE = YES;
				IPHONEOS_DEPLOYMENT_TARGET = 15.4;
				MTL_ENABLE_DEBUG_INFO = INCLUDE_SOURCE;
				MTL_FAST_MATH = YES;
				ONLY_ACTIVE_ARCH = YES;
				SDKROOT = iphoneos;
				SWIFT_ACTIVE_COMPILATION_CONDITIONS = DEBUG;
				SWIFT_OPTIMIZATION_LEVEL = "-Onone";
			};
			name = Debug;
		};
		DE3ACA8628AB1FD4009F079D /* Release */ = {
			isa = XCBuildConfiguration;
			buildSettings = {
				ALWAYS_SEARCH_USER_PATHS = NO;
				CLANG_ANALYZER_NONNULL = YES;
				CLANG_ANALYZER_NUMBER_OBJECT_CONVERSION = YES_AGGRESSIVE;
				CLANG_CXX_LANGUAGE_STANDARD = "gnu++17";
				CLANG_ENABLE_MODULES = YES;
				CLANG_ENABLE_OBJC_ARC = YES;
				CLANG_ENABLE_OBJC_WEAK = YES;
				CLANG_WARN_BLOCK_CAPTURE_AUTORELEASING = YES;
				CLANG_WARN_BOOL_CONVERSION = YES;
				CLANG_WARN_COMMA = YES;
				CLANG_WARN_CONSTANT_CONVERSION = YES;
				CLANG_WARN_DEPRECATED_OBJC_IMPLEMENTATIONS = YES;
				CLANG_WARN_DIRECT_OBJC_ISA_USAGE = YES_ERROR;
				CLANG_WARN_DOCUMENTATION_COMMENTS = YES;
				CLANG_WARN_EMPTY_BODY = YES;
				CLANG_WARN_ENUM_CONVERSION = YES;
				CLANG_WARN_INFINITE_RECURSION = YES;
				CLANG_WARN_INT_CONVERSION = YES;
				CLANG_WARN_NON_LITERAL_NULL_CONVERSION = YES;
				CLANG_WARN_OBJC_IMPLICIT_RETAIN_SELF = YES;
				CLANG_WARN_OBJC_LITERAL_CONVERSION = YES;
				CLANG_WARN_OBJC_ROOT_CLASS = YES_ERROR;
				CLANG_WARN_QUOTED_INCLUDE_IN_FRAMEWORK_HEADER = YES;
				CLANG_WARN_RANGE_LOOP_ANALYSIS = YES;
				CLANG_WARN_STRICT_PROTOTYPES = YES;
				CLANG_WARN_SUSPICIOUS_MOVE = YES;
				CLANG_WARN_UNGUARDED_AVAILABILITY = YES_AGGRESSIVE;
				CLANG_WARN_UNREACHABLE_CODE = YES;
				CLANG_WARN__DUPLICATE_METHOD_MATCH = YES;
				COPY_PHASE_STRIP = NO;
				DEBUG_INFORMATION_FORMAT = "dwarf-with-dsym";
				ENABLE_NS_ASSERTIONS = NO;
				ENABLE_STRICT_OBJC_MSGSEND = YES;
				GCC_C_LANGUAGE_STANDARD = gnu11;
				GCC_NO_COMMON_BLOCKS = YES;
				GCC_WARN_64_TO_32_BIT_CONVERSION = YES;
				GCC_WARN_ABOUT_RETURN_TYPE = YES_ERROR;
				GCC_WARN_UNDECLARED_SELECTOR = YES;
				GCC_WARN_UNINITIALIZED_AUTOS = YES_AGGRESSIVE;
				GCC_WARN_UNUSED_FUNCTION = YES;
				GCC_WARN_UNUSED_VARIABLE = YES;
				IPHONEOS_DEPLOYMENT_TARGET = 15.4;
				MTL_ENABLE_DEBUG_INFO = NO;
				MTL_FAST_MATH = YES;
				SDKROOT = iphoneos;
				SWIFT_COMPILATION_MODE = wholemodule;
				SWIFT_OPTIMIZATION_LEVEL = "-O";
				VALIDATE_PRODUCT = YES;
			};
			name = Release;
		};
		DE3ACA8828AB1FD4009F079D /* Debug */ = {
			isa = XCBuildConfiguration;
			buildSettings = {
				ASSETCATALOG_COMPILER_APPICON_NAME = AppIcon;
				ASSETCATALOG_COMPILER_GLOBAL_ACCENT_COLOR_NAME = AccentColor;
				CODE_SIGN_STYLE = Automatic;
				CURRENT_PROJECT_VERSION = 1;
				GENERATE_INFOPLIST_FILE = YES;
				INFOPLIST_FILE = SeSAC7Diary/Info.plist;
				INFOPLIST_KEY_UIApplicationSupportsIndirectInputEvents = YES;
				INFOPLIST_KEY_UILaunchStoryboardName = LaunchScreen;
				INFOPLIST_KEY_UIMainStoryboardFile = Main;
				INFOPLIST_KEY_UISupportedInterfaceOrientations_iPad = "UIInterfaceOrientationPortrait UIInterfaceOrientationPortraitUpsideDown UIInterfaceOrientationLandscapeLeft UIInterfaceOrientationLandscapeRight";
				INFOPLIST_KEY_UISupportedInterfaceOrientations_iPhone = "UIInterfaceOrientationPortrait UIInterfaceOrientationLandscapeLeft UIInterfaceOrientationLandscapeRight";
				LD_RUNPATH_SEARCH_PATHS = (
					"$(inherited)",
					"@executable_path/Frameworks",
				);
				MARKETING_VERSION = 1.0;
				PRODUCT_BUNDLE_IDENTIFIER = com.sesac.SeSAC7Diary;
				PRODUCT_NAME = "$(TARGET_NAME)";
				SWIFT_EMIT_LOC_STRINGS = YES;
				SWIFT_VERSION = 5.0;
				TARGETED_DEVICE_FAMILY = "1,2";
			};
			name = Debug;
		};
		DE3ACA8928AB1FD4009F079D /* Release */ = {
			isa = XCBuildConfiguration;
			buildSettings = {
				ASSETCATALOG_COMPILER_APPICON_NAME = AppIcon;
				ASSETCATALOG_COMPILER_GLOBAL_ACCENT_COLOR_NAME = AccentColor;
				CODE_SIGN_STYLE = Automatic;
				CURRENT_PROJECT_VERSION = 1;
				GENERATE_INFOPLIST_FILE = YES;
				INFOPLIST_FILE = SeSAC7Diary/Info.plist;
				INFOPLIST_KEY_UIApplicationSupportsIndirectInputEvents = YES;
				INFOPLIST_KEY_UILaunchStoryboardName = LaunchScreen;
				INFOPLIST_KEY_UIMainStoryboardFile = Main;
				INFOPLIST_KEY_UISupportedInterfaceOrientations_iPad = "UIInterfaceOrientationPortrait UIInterfaceOrientationPortraitUpsideDown UIInterfaceOrientationLandscapeLeft UIInterfaceOrientationLandscapeRight";
				INFOPLIST_KEY_UISupportedInterfaceOrientations_iPhone = "UIInterfaceOrientationPortrait UIInterfaceOrientationLandscapeLeft UIInterfaceOrientationLandscapeRight";
				LD_RUNPATH_SEARCH_PATHS = (
					"$(inherited)",
					"@executable_path/Frameworks",
				);
				MARKETING_VERSION = 1.0;
				PRODUCT_BUNDLE_IDENTIFIER = com.sesac.SeSAC7Diary;
				PRODUCT_NAME = "$(TARGET_NAME)";
				SWIFT_EMIT_LOC_STRINGS = YES;
				SWIFT_VERSION = 5.0;
				TARGETED_DEVICE_FAMILY = "1,2";
			};
			name = Release;
		};
/* End XCBuildConfiguration section */

/* Begin XCConfigurationList section */
		DE3ACA6E28AB1FD2009F079D /* Build configuration list for PBXProject "SeSAC7Diary" */ = {
			isa = XCConfigurationList;
			buildConfigurations = (
				DE3ACA8528AB1FD4009F079D /* Debug */,
				DE3ACA8628AB1FD4009F079D /* Release */,
			);
			defaultConfigurationIsVisible = 0;
			defaultConfigurationName = Release;
		};
		DE3ACA8728AB1FD4009F079D /* Build configuration list for PBXNativeTarget "SeSAC7Diary" */ = {
			isa = XCConfigurationList;
			buildConfigurations = (
				DE3ACA8828AB1FD4009F079D /* Debug */,
				DE3ACA8928AB1FD4009F079D /* Release */,
			);
			defaultConfigurationIsVisible = 0;
			defaultConfigurationName = Release;
		};
/* End XCConfigurationList section */

/* Begin XCRemoteSwiftPackageReference section */
		DE29866828AC81B300250CF0 /* XCRemoteSwiftPackageReference "SnapKit" */ = {
			isa = XCRemoteSwiftPackageReference;
			repositoryURL = "https://github.com/SnapKit/SnapKit.git";
			requirement = {
				kind = upToNextMajorVersion;
				minimumVersion = 5.0.0;
			};
		};
		DE5598F728B701690024F181 /* XCRemoteSwiftPackageReference "Zip" */ = {
			isa = XCRemoteSwiftPackageReference;
			repositoryURL = "https://github.com/marmelroy/Zip.git";
			requirement = {
				kind = upToNextMajorVersion;
				minimumVersion = 2.0.0;
			};
		};
		DE6333D028B4C40200DF8680 /* XCRemoteSwiftPackageReference "realm-swift" */ = {
			isa = XCRemoteSwiftPackageReference;
			repositoryURL = "https://github.com/realm/realm-swift.git";
			requirement = {
				kind = upToNextMajorVersion;
				minimumVersion = 10.0.0;
			};
		};
		DE6333DE28B5170500DF8680 /* XCRemoteSwiftPackageReference "Kingfisher" */ = {
			isa = XCRemoteSwiftPackageReference;
			repositoryURL = "https://github.com/onevcat/Kingfisher.git";
			requirement = {
				kind = upToNextMajorVersion;
				minimumVersion = 7.0.0;
			};
		};
/* End XCRemoteSwiftPackageReference section */

/* Begin XCSwiftPackageProductDependency section */
		DE29866928AC81B300250CF0 /* SnapKit */ = {
			isa = XCSwiftPackageProductDependency;
			package = DE29866828AC81B300250CF0 /* XCRemoteSwiftPackageReference "SnapKit" */;
			productName = SnapKit;
		};
		DE5598F828B701690024F181 /* Zip */ = {
			isa = XCSwiftPackageProductDependency;
			package = DE5598F728B701690024F181 /* XCRemoteSwiftPackageReference "Zip" */;
			productName = Zip;
		};
		DE6333D128B4C40200DF8680 /* Realm */ = {
			isa = XCSwiftPackageProductDependency;
			package = DE6333D028B4C40200DF8680 /* XCRemoteSwiftPackageReference "realm-swift" */;
			productName = Realm;
		};
		DE6333D328B4C40200DF8680 /* RealmSwift */ = {
			isa = XCSwiftPackageProductDependency;
			package = DE6333D028B4C40200DF8680 /* XCRemoteSwiftPackageReference "realm-swift" */;
			productName = RealmSwift;
		};
		DE6333DF28B5170500DF8680 /* Kingfisher */ = {
			isa = XCSwiftPackageProductDependency;
			package = DE6333DE28B5170500DF8680 /* XCRemoteSwiftPackageReference "Kingfisher" */;
			productName = Kingfisher;
		};
/* End XCSwiftPackageProductDependency section */
	};
	rootObject = DE3ACA6B28AB1FD2009F079D /* Project object */;
}
